<Solution>
  <Folder Name="/Task0/">
    <Project Path="Tyuiu.TashovVD.Sprint1.Task0.V30.Lib/Tyuiu.TashovVD.Sprint1.Task0.V30.Lib.csproj" />
    <Project Path="Tyuiu.TashovVD.Sprint1.Task0.V30.Test/Tyuiu.TashovVD.Sprint1.Task0.V30.Test.csproj" />
    <Project Path="Tyuiu.TashovVD.Sprint1.Task0.V30/Tyuiu.TashovVD.Sprint1.Task0.V30.csproj" />
  </Folder>
  <Folder Name="/Task1/">
    <Project Path="Tyuiu.TashovVD.Sprint1.Task1.V18.Lib/Tyuiu.TashovVD.Sprint1.Task1.V18.Lib.csproj" Id="fd5505a6-2e94-449b-8309-2d844fcbfe1b" />
    <Project Path="Tyuiu.TashovVD.Sprint1.Task1.V18.Test/Tyuiu.TashovVD.Sprint1.Task1.V18.Test.csproj" Id="b4357718-0dff-488d-b862-da2ff27f9f42" />
    <Project Path="Tyuiu.TashovVD.Sprint1.Task1.V18/Tyuiu.TashovVD.Sprint1.Task1.V18.csproj" Id="156ea624-de01-4782-9591-933280cf31b5" />
  </Folder>
  <Folder Name="/Task2/">
    <Project Path="Tyuiu.TashovVD.Sprint1.Task2.V12.Lib/Tyuiu.TashovVD.Sprint1.Task2.V12.Lib.csproj" Id="684df788-97d3-4ee9-9488-4601ddc5a606" />
    <Project Path="Tyuiu.TashovVD.Sprint1.Task2.V12.Test/Tyuiu.TashovVD.Sprint1.Task2.V12.Test.csproj" Id="d21528c4-ea4a-4a9e-afdc-42a0aa5d09c8" />
    <Project Path="Tyuiu.TashovVD.Sprint1.Task2.V12/Tyuiu.TashovVD.Sprint1.Task2.V12.csproj" Id="910ba4c7-8bd7-4d77-9dbc-a6d79bb492ac" />
  </Folder>
  <Folder Name="/Task3/">
    <Project Path="Tyuiu.TashovVD.Sprint1.Task3.V1.Lib/Tyuiu.TashovVD.Sprint1.Task3.V1.Lib.csproj" Id="d1a6d084-1ee3-422c-a449-c027ddfb0ce3" />
    <Project Path="Tyuiu.TashovVD.Sprint1.Task3.V1.Test/Tyuiu.TashovVD.Sprint1.Task3.V1.Test.csproj" Id="88e6aa14-6898-4144-9e82-2ebd79cf03ae" />
    <Project Path="Tyuiu.TashovVD.Sprint1.Task3.V1/Tyuiu.TashovVD.Sprint1.Task3.V1.csproj" Id="735d6e62-2c91-48fb-b358-6de74454b92a" />
  </Folder>
  <Folder Name="/Task4/">
    <Project Path="Tyuiu.TashovVD.Sprint1.Task4.V5.Lib/Tyuiu.TashovVD.Sprint1.Task4.V5.Lib.csproj" Id="4d07160a-1687-4e7f-867b-48cb4c9b10d9" />
    <Project Path="Tyuiu.TashovVD.Sprint1.Task4.V5.Test/Tyuiu.TashovVD.Sprint1.Task4.V5.Test.csproj" Id="05af4691-5d1a-442a-8c33-35160eb908ba" />
    <Project Path="Tyuiu.TashovVD.Sprint1.Task4.V5/Tyuiu.TashovVD.Sprint1.Task4.V5.csproj" Id="e515087e-36a1-467a-8228-9d58ec104205" />
  </Folder>
  <Folder Name="/Task5/">
    <Project Path="Tyuiu.TashovVD.Sprint1.Task5.V5.Lib/Tyuiu.TashovVD.Sprint1.Task5.V5.Lib.csproj" Id="922fb1dd-f7cc-419a-b203-ffc290e8a424" />
    <Project Path="Tyuiu.TashovVD.Sprint1.Task5.V5.Test/Tyuiu.TashovVD.Sprint1.Task5.V5.Test.csproj" Id="d4ec2977-bf1e-45bc-86f2-cc412abf69e8" />
    <Project Path="Tyuiu.TashovVD.Sprint1.Task5.V5/Tyuiu.TashovVD.Sprint1.Task5.V5.csproj" Id="39fd21bb-d5f0-4d11-b4c9-4d462b09e6b4" />
  </Folder>
  <Folder Name="/Task6/">
    <Project Path="Tyuiu.TashovVD.Sprint1.Task6.V10.Lib/Tyuiu.TashovVD.Sprint1.Task6.V10.Lib.csproj" Id="81cedf51-a012-496c-923a-b10279a3846f" />
    <Project Path="Tyuiu.TashovVD.Sprint1.Task6.V10.Test/Tyuiu.TashovVD.Sprint1.Task6.V10.Test.csproj" Id="7aaaa0dc-6b6d-49a8-8d88-80cfd81b2504" />
    <Project Path="Tyuiu.TashovVD.Sprint1.Task6.V10/Tyuiu.TashovVD.Sprint1.Task6.V10.csproj" Id="0d8bbc05-7baf-4c63-8dbe-f29fa81343c3" />
  </Folder>
</Solution>
