<Solution>
  <Folder Name="/Task0/">
    <Project Path="Tyuiu.TashovVD.Sprint1.Task0.V30.Lib/Tyuiu.TashovVD.Sprint1.Task0.V30.Lib.csproj" />
    <Project Path="Tyuiu.TashovVD.Sprint1.Task0.V30.Test/Tyuiu.TashovVD.Sprint1.Task0.V30.Test.csproj" />
    <Project Path="Tyuiu.TashovVD.Sprint1.Task0.V30/Tyuiu.TashovVD.Sprint1.Task0.V30.csproj" />
  </Folder>
  <Folder Name="/Task1/">
    <Project Path="Tyuiu.TashovVD.Sprint1.Task1.V18.Lib/Tyuiu.TashovVD.Sprint1.Task1.V18.Lib.csproj" Id="fd5505a6-2e94-449b-8309-2d844fcbfe1b" />
    <Project Path="Tyuiu.TashovVD.Sprint1.Task1.V18.Test/Tyuiu.TashovVD.Sprint1.Task1.V18.Test.csproj" Id="b4357718-0dff-488d-b862-da2ff27f9f42" />
    <Project Path="Tyuiu.TashovVD.Sprint1.Task1.V18/Tyuiu.TashovVD.Sprint1.Task1.V18.csproj" Id="156ea624-de01-4782-9591-933280cf31b5" />
  </Folder>
  <Folder Name="/Task2/">
    <Project Path="Tyuiu.TashovVD.Sprint1.Task2.V12.Lib/Tyuiu.TashovVD.Sprint1.Task2.V12.Lib.csproj" Id="684df788-97d3-4ee9-9488-4601ddc5a606" />
    <Project Path="Tyuiu.TashovVD.Sprint1.Task2.V12.Test/Tyuiu.TashovVD.Sprint1.Task2.V12.Test.csproj" Id="d21528c4-ea4a-4a9e-afdc-42a0aa5d09c8" />
    <Project Path="Tyuiu.TashovVD.Sprint1.Task2.V12/Tyuiu.TashovVD.Sprint1.Task2.V12.csproj" Id="910ba4c7-8bd7-4d77-9dbc-a6d79bb492ac" />
  </Folder>
  <Folder Name="/Task3/">
    <Project Path="Tyuiu.TashovVD.Sprint1.Task3.V1.Lib/Tyuiu.TashovVD.Sprint1.Task3.V1.Lib.csproj" Id="d1a6d084-1ee3-422c-a449-c027ddfb0ce3" />
    <Project Path="Tyuiu.TashovVD.Sprint1.Task3.V1.Test/Tyuiu.TashovVD.Sprint1.Task3.V1.Test.csproj" Id="88e6aa14-6898-4144-9e82-2ebd79cf03ae" />
    <Project Path="Tyuiu.TashovVD.Sprint1.Task3.V1/Tyuiu.TashovVD.Sprint1.Task3.V1.csproj" Id="735d6e62-2c91-48fb-b358-6de74454b92a" />
  </Folder>
</Solution>
